PATH
  remote: .
  specs:
    regexp-collection (2.0.0)

GEM
  remote: https://rubygems.org/
  specs:
    power_assert (3.1.0)
    rake (13.4.2)
    test-unit (3.7.8)
      power_assert

PLATFORMS
  ruby

DEPENDENCIES
  rake (~> 13.4)
  regexp-collection!
  test-unit (~> 3.7)

CHECKSUMS
  bundler (4.0.22) sha256=d8d5ec84c8555e0af71db63ed7aee4d1a8fb839ec46d84212d61979242a5d75a
  power_assert (3.1.0) sha256=fefe98ed5d3140628138f3f9f9194d6ece01f1320e69700d3c928adca7518251
  rake (13.4.2) sha256=cb825b2bd5f1f8e91ca37bddb4b9aaf345551b4731da62949be002fa89283701
  regexp-collection (2.0.0)
  test-unit (3.7.8) sha256=689d1ca53f4d46f678b4e5d68d8e4294f87fc5e8b9238cc4de7c5727e8d65943

BUNDLED WITH
  4.0.22
